// !$*UTF8*$!
{
	archiveVersion = 1;
	classes = {
	};
	objectVersion = 46;
	objects = {

/* Begin PBXBuildFile section */
		B649ABD91568043800235A70 /* AudioToolbox.framework in Frameworks */ = {isa = PBXBuildFile; fileRef = B649ABD81568043800235A70 /* AudioToolbox.framework */; };
		B649ABDF15680A3500235A70 /* PEUtils.m in Sources */ = {isa = PBXBuildFile; fileRef = B649ABDE15680A3500235A70 /* PEUtils.m */; };
		B649ABE215681A4B00235A70 /* beep1.wav in Resources */ = {isa = PBXBuildFile; fileRef = B649ABE015681A4B00235A70 /* beep1.wav */; };
		B649ABE515681E6B00235A70 /* beep2.wav in Resources */ = {isa = PBXBuildFile; fileRef = B649ABE415681E6B00235A70 /* beep2.wav */; };
		B67A970A15524E4300EFCF45 /* UIKit.framework in Frameworks */ = {isa = PBXBuildFile; fileRef = B67A970915524E4300EFCF45 /* UIKit.framework */; };
		B67A970C15524E4300EFCF45 /* Foundation.framework in Frameworks */ = {isa = PBXBuildFile; fileRef = B67A970B15524E4300EFCF45 /* Foundation.framework */; };
		B67A970E15524E4300EFCF45 /* CoreGraphics.framework in Frameworks */ = {isa = PBXBuildFile; fileRef = B67A970D15524E4300EFCF45 /* CoreGraphics.framework */; };
		B67A971415524E4400EFCF45 /* InfoPlist.strings in Resources */ = {isa = PBXBuildFile; fileRef = B67A971215524E4400EFCF45 /* InfoPlist.strings */; };
		B67A971615524E4400EFCF45 /* main.m in Sources */ = {isa = PBXBuildFile; fileRef = B67A971515524E4400EFCF45 /* main.m */; };
		B67A971A15524E4400EFCF45 /* PEAppDelegate.m in Sources */ = {isa = PBXBuildFile; fileRef = B67A971915524E4400EFCF45 /* PEAppDelegate.m */; };
		B67A972415524E7200EFCF45 /* DS-DIGII.TTF in Resources */ = {isa = PBXBuildFile; fileRef = B67A972315524E7200EFCF45 /* DS-DIGII.TTF */; };
		B67A973015524F2200EFCF45 /* PEMainMenu.m in Sources */ = {isa = PBXBuildFile; fileRef = B67A972115524E6700EFCF45 /* PEMainMenu.m */; };
		B67A973115524F4A00EFCF45 /* PERetroAlert.m in Sources */ = {isa = PBXBuildFile; fileRef = B67A972615524E7F00EFCF45 /* PERetroAlert.m */; };
		B67A973215524F4D00EFCF45 /* PEGameViewController.m in Sources */ = {isa = PBXBuildFile; fileRef = B67A972E15524E8800EFCF45 /* PEGameViewController.m */; };
		B67A973315524F5000EFCF45 /* PELabel.m in Sources */ = {isa = PBXBuildFile; fileRef = B67A972C15524E8800EFCF45 /* PELabel.m */; };
		B67A973415524F5300EFCF45 /* PESquareView.m in Sources */ = {isa = PBXBuildFile; fileRef = B67A972A15524E8800EFCF45 /* PESquareView.m */; };
		B67A973515524F5600EFCF45 /* PEButton.m in Sources */ = {isa = PBXBuildFile; fileRef = B67A972815524E8700EFCF45 /* PEButton.m */; };
		B67A973715524FBA00EFCF45 /* QuartzCore.framework in Frameworks */ = {isa = PBXBuildFile; fileRef = B67A973615524FBA00EFCF45 /* QuartzCore.framework */; };
		B67A97381552503800EFCF45 /* PEMainMenu.xib in Resources */ = {isa = PBXBuildFile; fileRef = B67A972215524E6700EFCF45 /* PEMainMenu.xib */; };
		B67A97391552504300EFCF45 /* PEGameViewController.xib in Resources */ = {isa = PBXBuildFile; fileRef = B67A972F15524E8800EFCF45 /* PEGameViewController.xib */; };
		B67A975C1552D15300EFCF45 /* TiWebColor.m in Sources */ = {isa = PBXBuildFile; fileRef = B67A975A1552D0EA00EFCF45 /* TiWebColor.m */; };
		B67A975E1552D76000EFCF45 /* portada.png in Resources */ = {isa = PBXBuildFile; fileRef = B67A975D1552D76000EFCF45 /* portada.png */; };
		B67A97611552DB5100EFCF45 /* appicon.png in Resources */ = {isa = PBXBuildFile; fileRef = B67A975F1552DB5100EFCF45 /* appicon.png */; };
		B67A97621552DB5100EFCF45 /* appicon@2x.png in Resources */ = {isa = PBXBuildFile; fileRef = B67A97601552DB5100EFCF45 /* appicon@2x.png */; };
		B67A97681552DCBC00EFCF45 /* Default.png in Resources */ = {isa = PBXBuildFile; fileRef = B67A97671552DCBC00EFCF45 /* Default.png */; };
		B67A976A1552DCC400EFCF45 /* Default@2x.png in Resources */ = {isa = PBXBuildFile; fileRef = B67A97691552DCC400EFCF45 /* Default@2x.png */; };
		B6A99442156081AA004576B8 /* PEScores.m in Sources */ = {isa = PBXBuildFile; fileRef = B6A99441156081AA004576B8 /* PEScores.m */; };
		B6B3BAAD15694EA200BED94D /* PECreditsViewController.m in Sources */ = {isa = PBXBuildFile; fileRef = B6B3BAAB15694EA200BED94D /* PECreditsViewController.m */; };
		B6B3BAAE15694EA200BED94D /* PECreditsViewController.xib in Resources */ = {isa = PBXBuildFile; fileRef = B6B3BAAC15694EA200BED94D /* PECreditsViewController.xib */; };
		B6B9F7EE15541CFF007E2DAC /* PEScoreViewController.m in Sources */ = {isa = PBXBuildFile; fileRef = B6B9F7EC15541CFF007E2DAC /* PEScoreViewController.m */; };
		B6B9F7EF15541CFF007E2DAC /* PEScoreViewController.xib in Resources */ = {isa = PBXBuildFile; fileRef = B6B9F7ED15541CFF007E2DAC /* PEScoreViewController.xib */; };
		B6B9F7F615558760007E2DAC /* PETableviewCell.m in Sources */ = {isa = PBXBuildFile; fileRef = B6B9F7F515558760007E2DAC /* PETableviewCell.m */; };
		B6C0326D15615B0000704EF6 /* laser1.wav in Resources */ = {isa = PBXBuildFile; fileRef = B6C0326B15615B0000704EF6 /* laser1.wav */; };
		B6C0326E15615B0000704EF6 /* laser2.wav in Resources */ = {isa = PBXBuildFile; fileRef = B6C0326C15615B0000704EF6 /* laser2.wav */; };
		B6C0327015615F9700704EF6 /* boing.wav in Resources */ = {isa = PBXBuildFile; fileRef = B6C0326F15615F9700704EF6 /* boing.wav */; };
		EB69BEF715662257009A66C0 /* PEWormController.m in Sources */ = {isa = PBXBuildFile; fileRef = EB69BEF615662257009A66C0 /* PEWormController.m */; };
		EB69BF4115677FBD009A66C0 /* PECountDown.m in Sources */ = {isa = PBXBuildFile; fileRef = EB69BF4015677FBD009A66C0 /* PECountDown.m */; };
		EB69BF4F1569D9B1009A66C0 /* libFlurryAnalytics.a in Frameworks */ = {isa = PBXBuildFile; fileRef = EB69BF4E1569D969009A66C0 /* libFlurryAnalytics.a */; };
/* End PBXBuildFile section */

/* Begin PBXFileReference section */
		B649ABD81568043800235A70 /* AudioToolbox.framework */ = {isa = PBXFileReference; lastKnownFileType = wrapper.framework; name = AudioToolbox.framework; path = System/Library/Frameworks/AudioToolbox.framework; sourceTree = SDKROOT; };
		B649ABDD15680A3500235A70 /* PEUtils.h */ = {isa = PBXFileReference; fileEncoding = 4; lastKnownFileType = sourcecode.c.h; path = PEUtils.h; sourceTree = "<group>"; };
		B649ABDE15680A3500235A70 /* PEUtils.m */ = {isa = PBXFileReference; fileEncoding = 4; lastKnownFileType = sourcecode.c.objc; path = PEUtils.m; sourceTree = "<group>"; };
		B649ABE015681A4B00235A70 /* beep1.wav */ = {isa = PBXFileReference; lastKnownFileType = audio.wav; path = beep1.wav; sourceTree = "<group>"; };
		B649ABE415681E6B00235A70 /* beep2.wav */ = {isa = PBXFileReference; lastKnownFileType = audio.wav; path = beep2.wav; sourceTree = "<group>"; };
		B67A970515524E4300EFCF45 /* PecSnake.app */ = {isa = PBXFileReference; explicitFileType = wrapper.application; includeInIndex = 0; path = PecSnake.app; sourceTree = BUILT_PRODUCTS_DIR; };
		B67A970915524E4300EFCF45 /* UIKit.framework */ = {isa = PBXFileReference; lastKnownFileType = wrapper.framework; name = UIKit.framework; path = System/Library/Frameworks/UIKit.framework; sourceTree = SDKROOT; };
		B67A970B15524E4300EFCF45 /* Foundation.framework */ = {isa = PBXFileReference; lastKnownFileType = wrapper.framework; name = Foundation.framework; path = System/Library/Frameworks/Foundation.framework; sourceTree = SDKROOT; };
		B67A970D15524E4300EFCF45 /* CoreGraphics.framework */ = {isa = PBXFileReference; lastKnownFileType = wrapper.framework; name = CoreGraphics.framework; path = System/Library/Frameworks/CoreGraphics.framework; sourceTree = SDKROOT; };
		B67A971115524E4300EFCF45 /* PecSnake-Info.plist */ = {isa = PBXFileReference; lastKnownFileType = text.plist.xml; path = "PecSnake-Info.plist"; sourceTree = "<group>"; };
		B67A971315524E4400EFCF45 /* en */ = {isa = PBXFileReference; lastKnownFileType = text.plist.strings; name = en; path = en.lproj/InfoPlist.strings; sourceTree = "<group>"; };
		B67A971515524E4400EFCF45 /* main.m */ = {isa = PBXFileReference; lastKnownFileType = sourcecode.c.objc; path = main.m; sourceTree = "<group>"; };
		B67A971715524E4400EFCF45 /* PecSnake-Prefix.pch */ = {isa = PBXFileReference; lastKnownFileType = sourcecode.c.h; path = "PecSnake-Prefix.pch"; sourceTree = "<group>"; };
		B67A971815524E4400EFCF45 /* PEAppDelegate.h */ = {isa = PBXFileReference; lastKnownFileType = sourcecode.c.h; path = PEAppDelegate.h; sourceTree = "<group>"; };
		B67A971915524E4400EFCF45 /* PEAppDelegate.m */ = {isa = PBXFileReference; lastKnownFileType = sourcecode.c.objc; path = PEAppDelegate.m; sourceTree = "<group>"; };
		B67A972015524E6700EFCF45 /* PEMainMenu.h */ = {isa = PBXFileReference; lastKnownFileType = sourcecode.c.h; path = PEMainMenu.h; sourceTree = "<group>"; };
		B67A972115524E6700EFCF45 /* PEMainMenu.m */ = {isa = PBXFileReference; lastKnownFileType = sourcecode.c.objc; path = PEMainMenu.m; sourceTree = "<group>"; };
		B67A972215524E6700EFCF45 /* PEMainMenu.xib */ = {isa = PBXFileReference; lastKnownFileType = file.xib; path = PEMainMenu.xib; sourceTree = "<group>"; };
		B67A972315524E7200EFCF45 /* DS-DIGII.TTF */ = {isa = PBXFileReference; lastKnownFileType = file; path = "DS-DIGII.TTF"; sourceTree = "<group>"; };
		B67A972515524E7F00EFCF45 /* PERetroAlert.h */ = {isa = PBXFileReference; lastKnownFileType = sourcecode.c.h; path = PERetroAlert.h; sourceTree = "<group>"; };
		B67A972615524E7F00EFCF45 /* PERetroAlert.m */ = {isa = PBXFileReference; lastKnownFileType = sourcecode.c.objc; path = PERetroAlert.m; sourceTree = "<group>"; };
		B67A972715524E8700EFCF45 /* PEButton.h */ = {isa = PBXFileReference; lastKnownFileType = sourcecode.c.h; path = PEButton.h; sourceTree = "<group>"; };
		B67A972815524E8700EFCF45 /* PEButton.m */ = {isa = PBXFileReference; lastKnownFileType = sourcecode.c.objc; path = PEButton.m; sourceTree = "<group>"; };
		B67A972915524E8700EFCF45 /* PESquareView.h */ = {isa = PBXFileReference; lastKnownFileType = sourcecode.c.h; path = PESquareView.h; sourceTree = "<group>"; };
		B67A972A15524E8800EFCF45 /* PESquareView.m */ = {isa = PBXFileReference; lastKnownFileType = sourcecode.c.objc; path = PESquareView.m; sourceTree = "<group>"; };
		B67A972B15524E8800EFCF45 /* PELabel.h */ = {isa = PBXFileReference; lastKnownFileType = sourcecode.c.h; path = PELabel.h; sourceTree = "<group>"; };
		B67A972C15524E8800EFCF45 /* PELabel.m */ = {isa = PBXFileReference; lastKnownFileType = sourcecode.c.objc; path = PELabel.m; sourceTree = "<group>"; };
		B67A972D15524E8800EFCF45 /* PEGameViewController.h */ = {isa = PBXFileReference; lastKnownFileType = sourcecode.c.h; path = PEGameViewController.h; sourceTree = "<group>"; };
		B67A972E15524E8800EFCF45 /* PEGameViewController.m */ = {isa = PBXFileReference; lastKnownFileType = sourcecode.c.objc; path = PEGameViewController.m; sourceTree = "<group>"; };
		B67A972F15524E8800EFCF45 /* PEGameViewController.xib */ = {isa = PBXFileReference; lastKnownFileType = file.xib; path = PEGameViewController.xib; sourceTree = "<group>"; };
		B67A973615524FBA00EFCF45 /* QuartzCore.framework */ = {isa = PBXFileReference; lastKnownFileType = wrapper.framework; name = QuartzCore.framework; path = System/Library/Frameworks/QuartzCore.framework; sourceTree = SDKROOT; };
		B67A97591552D0EA00EFCF45 /* TiWebColor.h */ = {isa = PBXFileReference; lastKnownFileType = sourcecode.c.h; path = TiWebColor.h; sourceTree = "<group>"; };
		B67A975A1552D0EA00EFCF45 /* TiWebColor.m */ = {isa = PBXFileReference; lastKnownFileType = sourcecode.c.objc; path = TiWebColor.m; sourceTree = "<group>"; };
		B67A975D1552D76000EFCF45 /* portada.png */ = {isa = PBXFileReference; lastKnownFileType = image.png; path = portada.png; sourceTree = "<group>"; };
		B67A975F1552DB5100EFCF45 /* appicon.png */ = {isa = PBXFileReference; lastKnownFileType = image.png; path = appicon.png; sourceTree = "<group>"; };
		B67A97601552DB5100EFCF45 /* appicon@2x.png */ = {isa = PBXFileReference; lastKnownFileType = image.png; path = "appicon@2x.png"; sourceTree = "<group>"; };
		B67A97671552DCBC00EFCF45 /* Default.png */ = {isa = PBXFileReference; lastKnownFileType = image.png; path = Default.png; sourceTree = "<group>"; };
		B67A97691552DCC400EFCF45 /* Default@2x.png */ = {isa = PBXFileReference; lastKnownFileType = image.png; path = "Default@2x.png"; sourceTree = "<group>"; };
		B6A99440156081AA004576B8 /* PEScores.h */ = {isa = PBXFileReference; fileEncoding = 4; lastKnownFileType = sourcecode.c.h; path = PEScores.h; sourceTree = "<group>"; };
		B6A99441156081AA004576B8 /* PEScores.m */ = {isa = PBXFileReference; fileEncoding = 4; lastKnownFileType = sourcecode.c.objc; path = PEScores.m; sourceTree = "<group>"; };
		B6B3BAAA15694EA200BED94D /* PECreditsViewController.h */ = {isa = PBXFileReference; fileEncoding = 4; lastKnownFileType = sourcecode.c.h; path = PECreditsViewController.h; sourceTree = "<group>"; };
		B6B3BAAB15694EA200BED94D /* PECreditsViewController.m */ = {isa = PBXFileReference; fileEncoding = 4; lastKnownFileType = sourcecode.c.objc; path = PECreditsViewController.m; sourceTree = "<group>"; };
		B6B3BAAC15694EA200BED94D /* PECreditsViewController.xib */ = {isa = PBXFileReference; fileEncoding = 4; lastKnownFileType = file.xib; path = PECreditsViewController.xib; sourceTree = "<group>"; };
		B6B9F7EB15541CFF007E2DAC /* PEScoreViewController.h */ = {isa = PBXFileReference; fileEncoding = 4; lastKnownFileType = sourcecode.c.h; path = PEScoreViewController.h; sourceTree = "<group>"; };
		B6B9F7EC15541CFF007E2DAC /* PEScoreViewController.m */ = {isa = PBXFileReference; fileEncoding = 4; lastKnownFileType = sourcecode.c.objc; path = PEScoreViewController.m; sourceTree = "<group>"; };
		B6B9F7ED15541CFF007E2DAC /* PEScoreViewController.xib */ = {isa = PBXFileReference; fileEncoding = 4; lastKnownFileType = file.xib; path = PEScoreViewController.xib; sourceTree = "<group>"; };
		B6B9F7F415558760007E2DAC /* PETableviewCell.h */ = {isa = PBXFileReference; fileEncoding = 4; lastKnownFileType = sourcecode.c.h; path = PETableviewCell.h; sourceTree = "<group>"; };
		B6B9F7F515558760007E2DAC /* PETableviewCell.m */ = {isa = PBXFileReference; fileEncoding = 4; lastKnownFileType = sourcecode.c.objc; path = PETableviewCell.m; sourceTree = "<group>"; };
		B6C0326B15615B0000704EF6 /* laser1.wav */ = {isa = PBXFileReference; lastKnownFileType = audio.wav; path = laser1.wav; sourceTree = "<group>"; };
		B6C0326C15615B0000704EF6 /* laser2.wav */ = {isa = PBXFileReference; lastKnownFileType = audio.wav; path = laser2.wav; sourceTree = "<group>"; };
		B6C0326F15615F9700704EF6 /* boing.wav */ = {isa = PBXFileReference; lastKnownFileType = audio.wav; path = boing.wav; sourceTree = "<group>"; };
		EB69BEF515662257009A66C0 /* PEWormController.h */ = {isa = PBXFileReference; fileEncoding = 4; lastKnownFileType = sourcecode.c.h; path = PEWormController.h; sourceTree = "<group>"; };
		EB69BEF615662257009A66C0 /* PEWormController.m */ = {isa = PBXFileReference; fileEncoding = 4; lastKnownFileType = sourcecode.c.objc; path = PEWormController.m; sourceTree = "<group>"; };
		EB69BF3F15677FBD009A66C0 /* PECountDown.h */ = {isa = PBXFileReference; fileEncoding = 4; lastKnownFileType = sourcecode.c.h; path = PECountDown.h; sourceTree = "<group>"; };
		EB69BF4015677FBD009A66C0 /* PECountDown.m */ = {isa = PBXFileReference; fileEncoding = 4; lastKnownFileType = sourcecode.c.objc; path = PECountDown.m; sourceTree = "<group>"; };
		EB69BF4D1569D969009A66C0 /* FlurryAnalytics.h */ = {isa = PBXFileReference; lastKnownFileType = sourcecode.c.h; path = FlurryAnalytics.h; sourceTree = "<group>"; };
		EB69BF4E1569D969009A66C0 /* libFlurryAnalytics.a */ = {isa = PBXFileReference; lastKnownFileType = archive.ar; path = libFlurryAnalytics.a; sourceTree = "<group>"; };
/* End PBXFileReference section */

/* Begin PBXFrameworksBuildPhase section */
		B67A970215524E4300EFCF45 /* Frameworks */ = {
			isa = PBXFrameworksBuildPhase;
			buildActionMask = 2147483647;
			files = (
				B649ABD91568043800235A70 /* AudioToolbox.framework in Frameworks */,
				B67A973715524FBA00EFCF45 /* QuartzCore.framework in Frameworks */,
				B67A970A15524E4300EFCF45 /* UIKit.framework in Frameworks */,
				B67A970C15524E4300EFCF45 /* Foundation.framework in Frameworks */,
				B67A970E15524E4300EFCF45 /* CoreGraphics.framework in Frameworks */,
				EB69BF4F1569D9B1009A66C0 /* libFlurryAnalytics.a in Frameworks */,
			);
			runOnlyForDeploymentPostprocessing = 0;
		};
/* End PBXFrameworksBuildPhase section */

/* Begin PBXGroup section */
		B67A96FA15524E4200EFCF45 = {
			isa = PBXGroup;
			children = (
				B67A97691552DCC400EFCF45 /* Default@2x.png */,
				B67A97671552DCBC00EFCF45 /* Default.png */,
				B67A975F1552DB5100EFCF45 /* appicon.png */,
				B67A97601552DB5100EFCF45 /* appicon@2x.png */,
				B67A970F15524E4300EFCF45 /* PecSnake */,
				B67A970815524E4300EFCF45 /* Frameworks */,
				B67A970615524E4300EFCF45 /* Products */,
			);
			sourceTree = "<group>";
		};
		B67A970615524E4300EFCF45 /* Products */ = {
			isa = PBXGroup;
			children = (
				B67A970515524E4300EFCF45 /* PecSnake.app */,
			);
			name = Products;
			sourceTree = "<group>";
		};
		B67A970815524E4300EFCF45 /* Frameworks */ = {
			isa = PBXGroup;
			children = (
				EB69BF4C1569D969009A66C0 /* FlurryAnalytics */,
				B649ABD81568043800235A70 /* AudioToolbox.framework */,
				B67A973615524FBA00EFCF45 /* QuartzCore.framework */,
				B67A970915524E4300EFCF45 /* UIKit.framework */,
				B67A970B15524E4300EFCF45 /* Foundation.framework */,
				B67A970D15524E4300EFCF45 /* CoreGraphics.framework */,
			);
			name = Frameworks;
			sourceTree = "<group>";
		};
		B67A970F15524E4300EFCF45 /* PecSnake */ = {
			isa = PBXGroup;
			children = (
				B6B3BAB315695BAF00BED94D /* Credits and Feedback */,
				B69DD7CA1563577F00EA3304 /* Assets */,
				B69DD7C91563577300EA3304 /* Utils */,
				B69DD7C81563575800EA3304 /* Score List */,
				B69DD7C71563571900EA3304 /* Main Menu */,
				B69DD7C51563569800EA3304 /* UI */,
				B6A9943E15608184004576B8 /* Game Room */,
				B67A971815524E4400EFCF45 /* PEAppDelegate.h */,
				B67A971915524E4400EFCF45 /* PEAppDelegate.m */,
				B67A971015524E4300EFCF45 /* Supporting Files */,
			);
			path = PecSnake;
			sourceTree = "<group>";
		};
		B67A971015524E4300EFCF45 /* Supporting Files */ = {
			isa = PBXGroup;
			children = (
				B67A971115524E4300EFCF45 /* PecSnake-Info.plist */,
				B67A971215524E4400EFCF45 /* InfoPlist.strings */,
				B67A971515524E4400EFCF45 /* main.m */,
				B67A971715524E4400EFCF45 /* PecSnake-Prefix.pch */,
			);
			name = "Supporting Files";
			sourceTree = "<group>";
		};
		B69DD7C51563569800EA3304 /* UI */ = {
			isa = PBXGroup;
			children = (
				EB69BF3E15677FA0009A66C0 /* Count down */,
				B6B9F7F415558760007E2DAC /* PETableviewCell.h */,
				B6B9F7F515558760007E2DAC /* PETableviewCell.m */,
				B67A972715524E8700EFCF45 /* PEButton.h */,
				B67A972815524E8700EFCF45 /* PEButton.m */,
				B67A972915524E8700EFCF45 /* PESquareView.h */,
				B67A972A15524E8800EFCF45 /* PESquareView.m */,
				B67A972B15524E8800EFCF45 /* PELabel.h */,
				B67A972C15524E8800EFCF45 /* PELabel.m */,
				B67A972515524E7F00EFCF45 /* PERetroAlert.h */,
				B67A972615524E7F00EFCF45 /* PERetroAlert.m */,
			);
			name = UI;
			sourceTree = "<group>";
		};
		B69DD7C71563571900EA3304 /* Main Menu */ = {
			isa = PBXGroup;
			children = (
				B67A972015524E6700EFCF45 /* PEMainMenu.h */,
				B67A972115524E6700EFCF45 /* PEMainMenu.m */,
				B67A972215524E6700EFCF45 /* PEMainMenu.xib */,
			);
			name = "Main Menu";
			sourceTree = "<group>";
		};
		B69DD7C81563575800EA3304 /* Score List */ = {
			isa = PBXGroup;
			children = (
				B6B9F7EB15541CFF007E2DAC /* PEScoreViewController.h */,
				B6B9F7EC15541CFF007E2DAC /* PEScoreViewController.m */,
				B6B9F7ED15541CFF007E2DAC /* PEScoreViewController.xib */,
			);
			name = "Score List";
			sourceTree = "<group>";
		};
		B69DD7C91563577300EA3304 /* Utils */ = {
			isa = PBXGroup;
			children = (
				B67A97591552D0EA00EFCF45 /* TiWebColor.h */,
				B67A975A1552D0EA00EFCF45 /* TiWebColor.m */,
				B649ABDD15680A3500235A70 /* PEUtils.h */,
				B649ABDE15680A3500235A70 /* PEUtils.m */,
			);
			name = Utils;
			sourceTree = "<group>";
		};
		B69DD7CA1563577F00EA3304 /* Assets */ = {
			isa = PBXGroup;
			children = (
				B649ABE415681E6B00235A70 /* beep2.wav */,
				B649ABE015681A4B00235A70 /* beep1.wav */,
				B6C0326F15615F9700704EF6 /* boing.wav */,
				B6C0326B15615B0000704EF6 /* laser1.wav */,
				B6C0326C15615B0000704EF6 /* laser2.wav */,
				B67A975D1552D76000EFCF45 /* portada.png */,
				B67A972315524E7200EFCF45 /* DS-DIGII.TTF */,
			);
			name = Assets;
			sourceTree = "<group>";
		};
		B6A9943E15608184004576B8 /* Game Room */ = {
			isa = PBXGroup;
			children = (
				B6A99440156081AA004576B8 /* PEScores.h */,
				B6A99441156081AA004576B8 /* PEScores.m */,
				B67A972D15524E8800EFCF45 /* PEGameViewController.h */,
				B67A972E15524E8800EFCF45 /* PEGameViewController.m */,
				B67A972F15524E8800EFCF45 /* PEGameViewController.xib */,
				EB69BEF515662257009A66C0 /* PEWormController.h */,
				EB69BEF615662257009A66C0 /* PEWormController.m */,
			);
			name = "Game Room";
			sourceTree = "<group>";
		};
		B6B3BAB315695BAF00BED94D /* Credits and Feedback */ = {
			isa = PBXGroup;
			children = (
				B6B3BAAA15694EA200BED94D /* PECreditsViewController.h */,
				B6B3BAAB15694EA200BED94D /* PECreditsViewController.m */,
				B6B3BAAC15694EA200BED94D /* PECreditsViewController.xib */,
			);
			name = "Credits and Feedback";
			sourceTree = "<group>";
		};
		EB69BF3E15677FA0009A66C0 /* Count down */ = {
			isa = PBXGroup;
			children = (
				EB69BF3F15677FBD009A66C0 /* PECountDown.h */,
				EB69BF4015677FBD009A66C0 /* PECountDown.m */,
			);
			name = "Count down";
			sourceTree = "<group>";
		};
		EB69BF4C1569D969009A66C0 /* FlurryAnalytics */ = {
			isa = PBXGroup;
			children = (
				EB69BF4D1569D969009A66C0 /* FlurryAnalytics.h */,
				EB69BF4E1569D969009A66C0 /* libFlurryAnalytics.a */,
			);
			path = FlurryAnalytics;
			sourceTree = "<group>";
		};
/* End PBXGroup section */

/* Begin PBXNativeTarget section */
		B67A970415524E4300EFCF45 /* PecSnake */ = {
			isa = PBXNativeTarget;
			buildConfigurationList = B67A971D15524E4400EFCF45 /* Build configuration list for PBXNativeTarget "PecSnake" */;
			buildPhases = (
				B67A970115524E4300EFCF45 /* Sources */,
				B67A970215524E4300EFCF45 /* Frameworks */,
				B67A970315524E4300EFCF45 /* Resources */,
			);
			buildRules = (
			);
			dependencies = (
			);
			name = PecSnake;
			productName = PecSnake;
			productReference = B67A970515524E4300EFCF45 /* PecSnake.app */;
			productType = "com.apple.product-type.application";
		};
/* End PBXNativeTarget section */

/* Begin PBXProject section */
		B67A96FC15524E4200EFCF45 /* Project object */ = {
			isa = PBXProject;
			attributes = {
				CLASSPREFIX = PE;
				LastUpgradeCheck = 0430;
				ORGANIZATIONNAME = Appcelerator;
			};
			buildConfigurationList = B67A96FF15524E4200EFCF45 /* Build configuration list for PBXProject "PecSnake" */;
			compatibilityVersion = "Xcode 3.2";
			developmentRegion = English;
			hasScannedForEncodings = 0;
			knownRegions = (
				en,
			);
			mainGroup = B67A96FA15524E4200EFCF45;
			productRefGroup = B67A970615524E4300EFCF45 /* Products */;
			projectDirPath = "";
			projectRoot = "";
			targets = (
				B67A970415524E4300EFCF45 /* PecSnake */,
			);
		};
/* End PBXProject section */

/* Begin PBXResourcesBuildPhase section */
		B67A970315524E4300EFCF45 /* Resources */ = {
			isa = PBXResourcesBuildPhase;
			buildActionMask = 2147483647;
			files = (
				B67A971415524E4400EFCF45 /* InfoPlist.strings in Resources */,
				B67A972415524E7200EFCF45 /* DS-DIGII.TTF in Resources */,
				B67A97381552503800EFCF45 /* PEMainMenu.xib in Resources */,
				B67A97391552504300EFCF45 /* PEGameViewController.xib in Resources */,
				B67A975E1552D76000EFCF45 /* portada.png in Resources */,
				B67A97611552DB5100EFCF45 /* appicon.png in Resources */,
				B67A97621552DB5100EFCF45 /* appicon@2x.png in Resources */,
				B67A97681552DCBC00EFCF45 /* Default.png in Resources */,
				B67A976A1552DCC400EFCF45 /* Default@2x.png in Resources */,
				B6B9F7EF15541CFF007E2DAC /* PEScoreViewController.xib in Resources */,
				B6C0326D15615B0000704EF6 /* laser1.wav in Resources */,
				B6C0326E15615B0000704EF6 /* laser2.wav in Resources */,
				B6C0327015615F9700704EF6 /* boing.wav in Resources */,
				B649ABE215681A4B00235A70 /* beep1.wav in Resources */,
				B649ABE515681E6B00235A70 /* beep2.wav in Resources */,
				B6B3BAAE15694EA200BED94D /* PECreditsViewController.xib in Resources */,
			);
			runOnlyForDeploymentPostprocessing = 0;
		};
/* End PBXResourcesBuildPhase section */

/* Begin PBXSourcesBuildPhase section */
		B67A970115524E4300EFCF45 /* Sources */ = {
			isa = PBXSourcesBuildPhase;
			buildActionMask = 2147483647;
			files = (
				B67A971615524E4400EFCF45 /* main.m in Sources */,
				B67A971A15524E4400EFCF45 /* PEAppDelegate.m in Sources */,
				B67A973015524F2200EFCF45 /* PEMainMenu.m in Sources */,
				B67A973115524F4A00EFCF45 /* PERetroAlert.m in Sources */,
				B67A973215524F4D00EFCF45 /* PEGameViewController.m in Sources */,
				B67A973315524F5000EFCF45 /* PELabel.m in Sources */,
				B67A973415524F5300EFCF45 /* PESquareView.m in Sources */,
				B67A973515524F5600EFCF45 /* PEButton.m in Sources */,
				B67A975C1552D15300EFCF45 /* TiWebColor.m in Sources */,
				B6B9F7EE15541CFF007E2DAC /* PEScoreViewController.m in Sources */,
				B6B9F7F615558760007E2DAC /* PETableviewCell.m in Sources */,
				B6A99442156081AA004576B8 /* PEScores.m in Sources */,
				EB69BEF715662257009A66C0 /* PEWormController.m in Sources */,
				EB69BF4115677FBD009A66C0 /* PECountDown.m in Sources */,
				B649ABDF15680A3500235A70 /* PEUtils.m in Sources */,
				B6B3BAAD15694EA200BED94D /* PECreditsViewController.m in Sources */,
			);
			runOnlyForDeploymentPostprocessing = 0;
		};
/* End PBXSourcesBuildPhase section */

/* Begin PBXVariantGroup section */
		B67A971215524E4400EFCF45 /* InfoPlist.strings */ = {
			isa = PBXVariantGroup;
			children = (
				B67A971315524E4400EFCF45 /* en */,
			);
			name = InfoPlist.strings;
			sourceTree = "<group>";
		};
/* End PBXVariantGroup section */

/* Begin XCBuildConfiguration section */
		B67A971B15524E4400EFCF45 /* Debug */ = {
			isa = XCBuildConfiguration;
			buildSettings = {
				ALWAYS_SEARCH_USER_PATHS = NO;
				ARCHS = "$(ARCHS_STANDARD_32_BIT)";
				CODE_SIGN_IDENTITY = "iPhone Distribution";
				"CODE_SIGN_IDENTITY[sdk=iphoneos*]" = "iPhone Developer";
				COPY_PHASE_STRIP = NO;
				GCC_C_LANGUAGE_STANDARD = gnu99;
				GCC_DYNAMIC_NO_PIC = NO;
				GCC_OPTIMIZATION_LEVEL = 0;
				GCC_PREPROCESSOR_DEFINITIONS = (
					"DEBUG=1",
					"$(inherited)",
				);
				GCC_SYMBOLS_PRIVATE_EXTERN = NO;
				GCC_VERSION = com.apple.compilers.llvm.clang.1_0;
				GCC_WARN_ABOUT_RETURN_TYPE = YES;
				GCC_WARN_UNINITIALIZED_AUTOS = YES;
				GCC_WARN_UNUSED_VARIABLE = YES;
				IPHONEOS_DEPLOYMENT_TARGET = 5.1;
				PROVISIONING_PROFILE = "";
				"PROVISIONING_PROFILE[sdk=iphoneos*]" = "882CDAAA-9F74-4592-8C03-39EFE040C738";
				SDKROOT = iphoneos;
			};
			name = Debug;
		};
		B67A971C15524E4400EFCF45 /* Release */ = {
			isa = XCBuildConfiguration;
			buildSettings = {
				ALWAYS_SEARCH_USER_PATHS = NO;
				ARCHS = "$(ARCHS_STANDARD_32_BIT)";
				CODE_SIGN_IDENTITY = "iPhone Distribution";
				"CODE_SIGN_IDENTITY[sdk=iphoneos*]" = "iPhone Developer";
				COPY_PHASE_STRIP = YES;
				GCC_C_LANGUAGE_STANDARD = gnu99;
				GCC_VERSION = com.apple.compilers.llvm.clang.1_0;
				GCC_WARN_ABOUT_RETURN_TYPE = YES;
				GCC_WARN_UNINITIALIZED_AUTOS = YES;
				GCC_WARN_UNUSED_VARIABLE = YES;
				IPHONEOS_DEPLOYMENT_TARGET = 5.1;
				OTHER_CFLAGS = "-DNS_BLOCK_ASSERTIONS=1";
				PROVISIONING_PROFILE = "";
				"PROVISIONING_PROFILE[sdk=iphoneos*]" = "882CDAAA-9F74-4592-8C03-39EFE040C738";
				SDKROOT = iphoneos;
				VALIDATE_PRODUCT = YES;
			};
			name = Release;
		};
		B67A971E15524E4400EFCF45 /* Debug */ = {
			isa = XCBuildConfiguration;
			buildSettings = {
				CODE_SIGN_IDENTITY = "iPhone Distribution";
				GCC_PRECOMPILE_PREFIX_HEADER = YES;
				GCC_PREFIX_HEADER = "PecSnake/PecSnake-Prefix.pch";
				INFOPLIST_FILE = "PecSnake/PecSnake-Info.plist";
				LIBRARY_SEARCH_PATHS = (
					"$(inherited)",
					"\"$(SRCROOT)/FlurryAnalytics\"",
				);
				PRODUCT_NAME = "$(TARGET_NAME)";
				PROVISIONING_PROFILE = "";
				WRAPPER_EXTENSION = app;
			};
			name = Debug;
		};
		B67A971F15524E4400EFCF45 /* Release */ = {
			isa = XCBuildConfiguration;
			buildSettings = {
				CODE_SIGN_IDENTITY = "iPhone Distribution";
				GCC_PRECOMPILE_PREFIX_HEADER = YES;
				GCC_PREFIX_HEADER = "PecSnake/PecSnake-Prefix.pch";
				INFOPLIST_FILE = "PecSnake/PecSnake-Info.plist";
				LIBRARY_SEARCH_PATHS = (
					"$(inherited)",
					"\"$(SRCROOT)/FlurryAnalytics\"",
				);
				PRODUCT_NAME = "$(TARGET_NAME)";
				PROVISIONING_PROFILE = "";
				WRAPPER_EXTENSION = app;
			};
			name = Release;
		};
/* End XCBuildConfiguration section */

/* Begin XCConfigurationList section */
		B67A96FF15524E4200EFCF45 /* Build configuration list for PBXProject "PecSnake" */ = {
			isa = XCConfigurationList;
			buildConfigurations = (
				B67A971B15524E4400EFCF45 /* Debug */,
				B67A971C15524E4400EFCF45 /* Release */,
			);
			defaultConfigurationIsVisible = 0;
			defaultConfigurationName = Release;
		};
		B67A971D15524E4400EFCF45 /* Build configuration list for PBXNativeTarget "PecSnake" */ = {
			isa = XCConfigurationList;
			buildConfigurations = (
				B67A971E15524E4400EFCF45 /* Debug */,
				B67A971F15524E4400EFCF45 /* Release */,
			);
			defaultConfigurationIsVisible = 0;
			defaultConfigurationName = Release;
		};
/* End XCConfigurationList section */
	};
	rootObject = B67A96FC15524E4200EFCF45 /* Project object */;
}
